
Microsoft Visual Studio Solution File, Format Version 11.00
# Visual Studio 2010
Project("{FAE04EC0-301F-11D3-BF4B-00C04F79EFBC}") = "Genna", "Genna\Genna\Genna.csproj", "{DDBEE372-550B-4189-A93F-8840DDBDB1E1}"
EndProject
Project("{96E2B04D-8817-42C6-938A-82C39BA4D311}") = "GennaContent", "Genna\GennaContent\GennaContent.contentproj", "{14CF7642-1B35-40DE-B66F-A9692CA7B47B}"
EndProject
Global
	GlobalSection(SolutionConfigurationPlatforms) = preSolution
		Debug|x86 = Debug|x86
		Release|x86 = Release|x86
	EndGlobalSection
	GlobalSection(ProjectConfigurationPlatforms) = postSolution
		{DDBEE372-550B-4189-A93F-8840DDBDB1E1}.Debug|x86.ActiveCfg = Debug|x86
		{DDBEE372-550B-4189-A93F-8840DDBDB1E1}.Debug|x86.Build.0 = Debug|x86
		{DDBEE372-550B-4189-A93F-8840DDBDB1E1}.Release|x86.ActiveCfg = Release|x86
		{DDBEE372-550B-4189-A93F-8840DDBDB1E1}.Release|x86.Build.0 = Release|x86
		{14CF7642-1B35-40DE-B66F-A9692CA7B47B}.Debug|x86.ActiveCfg = Debug|x86
		{14CF7642-1B35-40DE-B66F-A9692CA7B47B}.Release|x86.ActiveCfg = Release|x86
	EndGlobalSection
	GlobalSection(SolutionProperties) = preSolution
		HideSolutionNode = FALSE
	EndGlobalSection
EndGlobal
